
Microsoft Visual Studio Solution File, Format Version 12.00
# Visual Studio 14
VisualStudioVersion = 14.0.25420.1
MinimumVisualStudioVersion = 10.0.40219.1
Project("{FAE04EC0-301F-11D3-BF4B-00C04F79EFBC}") = "PostBookingV2018", "PostBookingAutomationV2018\PostBookingV2018.csproj", "{AE442B6B-E6EA-4795-9A58-3113DC08A91F}"
EndProject
Project("{FAE04EC0-301F-11D3-BF4B-00C04F79EFBC}") = "Pages", "Selenium\Pages.csproj", "{5D894901-2939-494F-8AB0-B408A7B1C3B4}"
EndProject
Project("{FAE04EC0-301F-11D3-BF4B-00C04F79EFBC}") = "PBSpecFlow", "PBSpecFlow\PBSpecFlow.csproj", "{AB17896B-1750-4954-AD64-AFBEE944FC0A}"
EndProject
Global
	GlobalSection(SolutionConfigurationPlatforms) = preSolution
		Debug|Any CPU = Debug|Any CPU
		Release|Any CPU = Release|Any CPU
	EndGlobalSection
	GlobalSection(ProjectConfigurationPlatforms) = postSolution
		{AE442B6B-E6EA-4795-9A58-3113DC08A91F}.Debug|Any CPU.ActiveCfg = Debug|Any CPU
		{AE442B6B-E6EA-4795-9A58-3113DC08A91F}.Debug|Any CPU.Build.0 = Debug|Any CPU
		{AE442B6B-E6EA-4795-9A58-3113DC08A91F}.Release|Any CPU.ActiveCfg = Release|Any CPU
		{AE442B6B-E6EA-4795-9A58-3113DC08A91F}.Release|Any CPU.Build.0 = Release|Any CPU
		{5D894901-2939-494F-8AB0-B408A7B1C3B4}.Debug|Any CPU.ActiveCfg = Debug|Any CPU
		{5D894901-2939-494F-8AB0-B408A7B1C3B4}.Debug|Any CPU.Build.0 = Debug|Any CPU
		{5D894901-2939-494F-8AB0-B408A7B1C3B4}.Release|Any CPU.ActiveCfg = Release|Any CPU
		{5D894901-2939-494F-8AB0-B408A7B1C3B4}.Release|Any CPU.Build.0 = Release|Any CPU
		{AB17896B-1750-4954-AD64-AFBEE944FC0A}.Debug|Any CPU.ActiveCfg = Debug|Any CPU
		{AB17896B-1750-4954-AD64-AFBEE944FC0A}.Debug|Any CPU.Build.0 = Debug|Any CPU
		{AB17896B-1750-4954-AD64-AFBEE944FC0A}.Release|Any CPU.ActiveCfg = Release|Any CPU
		{AB17896B-1750-4954-AD64-AFBEE944FC0A}.Release|Any CPU.Build.0 = Release|Any CPU
	EndGlobalSection
	GlobalSection(SolutionProperties) = preSolution
		HideSolutionNode = FALSE
	EndGlobalSection
EndGlobal
